
Microsoft Visual Studio Solution File, Format Version 12.00
# Visual Studio Version 17
VisualStudioVersion = 17.4.33205.214
MinimumVisualStudioVersion = 10.0.40219.1
Project("{9A19103F-16F7-4668-BE54-9A1E7A4F7556}") = "Blog", "Blog.csproj", "{3BDE71A7-FB12-4A4F-B91B-72C9F1CF4022}"
EndProject
Global
	GlobalSection(SolutionConfigurationPlatforms) = preSolution
		Debug|Any CPU = Debug|Any CPU
		Release|Any CPU = Release|Any CPU
	EndGlobalSection
	GlobalSection(ProjectConfigurationPlatforms) = postSolution
		{3BDE71A7-FB12-4A4F-B91B-72C9F1CF4022}.Debug|Any CPU.ActiveCfg = Debug|Any CPU
		{3BDE71A7-FB12-4A4F-B91B-72C9F1CF4022}.Debug|Any CPU.Build.0 = Debug|Any CPU
		{3BDE71A7-FB12-4A4F-B91B-72C9F1CF4022}.Release|Any CPU.ActiveCfg = Release|Any CPU
		{3BDE71A7-FB12-4A4F-B91B-72C9F1CF4022}.Release|Any CPU.Build.0 = Release|Any CPU
	EndGlobalSection
	GlobalSection(SolutionProperties) = preSolution
		HideSolutionNode = FALSE
	EndGlobalSection
	GlobalSection(ExtensibilityGlobals) = postSolution
		SolutionGuid = {37E02D3C-57A3-4EA4-B1C7-D585E360C486}
	EndGlobalSection
EndGlobal
